
Microsoft Visual Studio Solution File, Format Version 12.00
# Visual Studio Version 17
VisualStudioVersion = 17.5.33530.505
MinimumVisualStudioVersion = 10.0.40219.1
Project("{FAE04EC0-301F-11D3-BF4B-00C04F79EFBC}") = "EmuVRFurnitureDelete", "EmuVRFurnitureDelete\EmuVRFurnitureDelete.csproj", "{B7002805-76A4-43FC-8277-8F83C40D83CC}"
EndProject
Global
	GlobalSection(SolutionConfigurationPlatforms) = preSolution
		Debug|Any CPU = Debug|Any CPU
		Release|Any CPU = Release|Any CPU
	EndGlobalSection
	GlobalSection(ProjectConfigurationPlatforms) = postSolution
		{B7002805-76A4-43FC-8277-8F83C40D83CC}.Debug|Any CPU.ActiveCfg = Debug|Any CPU
		{B7002805-76A4-43FC-8277-8F83C40D83CC}.Debug|Any CPU.Build.0 = Debug|Any CPU
		{B7002805-76A4-43FC-8277-8F83C40D83CC}.Release|Any CPU.ActiveCfg = Release|Any CPU
		{B7002805-76A4-43FC-8277-8F83C40D83CC}.Release|Any CPU.Build.0 = Release|Any CPU
	EndGlobalSection
	GlobalSection(SolutionProperties) = preSolution
		HideSolutionNode = FALSE
	EndGlobalSection
	GlobalSection(ExtensibilityGlobals) = postSolution
		SolutionGuid = {5D1ABCF0-8DC9-4036-89AB-B0BF68B6D26B}
	EndGlobalSection
EndGlobal
